// !$*UTF8*$!
{
	archiveVersion = 1;
	classes = {
	};
	objectVersion = 46;
	objects = {

/* Begin PBXBuildFile section */
		3BCE09988187D3AC43D5A1C6 /* libPods.a in Frameworks */ = {isa = PBXBuildFile; fileRef = ABD07FB20A23528B6454F3AF /* libPods.a */; };
		6F0009D71CA6B33A00A51B7F /* UIBarButtonItem+ADImageButton.m in Sources */ = {isa = PBXBuildFile; fileRef = 6F0009D61CA6B33A00A51B7F /* UIBarButtonItem+ADImageButton.m */; };
		6F0009DA1CA7AF7900A51B7F /* ADWAViewController.m in Sources */ = {isa = PBXBuildFile; fileRef = 6F0009D91CA7AF7900A51B7F /* ADWAViewController.m */; };
		6F0009DD1CA7BA7E00A51B7F /* ADSAViewController.m in Sources */ = {isa = PBXBuildFile; fileRef = 6F0009DC1CA7BA7E00A51B7F /* ADSAViewController.m */; };
		6F0009E41CA7D24200A51B7F /* CMTableViewController.m in Sources */ = {isa = PBXBuildFile; fileRef = 6F0009E31CA7D24200A51B7F /* CMTableViewController.m */; };
		6F0009E71CA7D95200A51B7F /* CMTableViewCell.m in Sources */ = {isa = PBXBuildFile; fileRef = 6F0009E61CA7D95200A51B7F /* CMTableViewCell.m */; };
		6F0009EA1CA7E07700A51B7F /* ADITableViewCell.m in Sources */ = {isa = PBXBuildFile; fileRef = 6F0009E91CA7E07700A51B7F /* ADITableViewCell.m */; };
		6F0009ED1CA818FA00A51B7F /* ADITableViewHeader.m in Sources */ = {isa = PBXBuildFile; fileRef = 6F0009EC1CA818FA00A51B7F /* ADITableViewHeader.m */; };
		6F4C30931CB7EA10006E8CD5 /* ADITableViewHeader2.m in Sources */ = {isa = PBXBuildFile; fileRef = 6F4C30921CB7EA10006E8CD5 /* ADITableViewHeader2.m */; };
		6F4EDCD61CAD67FD00C2560B /* ADHeadViewController1.m in Sources */ = {isa = PBXBuildFile; fileRef = 6F4EDCD51CAD67FD00C2560B /* ADHeadViewController1.m */; };
		6F4EDCD91CAD682100C2560B /* ADHeadViewController2.m in Sources */ = {isa = PBXBuildFile; fileRef = 6F4EDCD81CAD682100C2560B /* ADHeadViewController2.m */; };
		6F4EDCDC1CAD683500C2560B /* ADHeadViewController3.m in Sources */ = {isa = PBXBuildFile; fileRef = 6F4EDCDB1CAD683500C2560B /* ADHeadViewController3.m */; };
		6F4EDCDF1CAD684C00C2560B /* ADHeadViewController.m in Sources */ = {isa = PBXBuildFile; fileRef = 6F4EDCDE1CAD684C00C2560B /* ADHeadViewController.m */; };
		6F4F12251CB3FAB7004C711B /* XMTableViewController.m in Sources */ = {isa = PBXBuildFile; fileRef = 6F4F12241CB3FAB7004C711B /* XMTableViewController.m */; };
		6F4F12281CB3FBC0004C711B /* XMTableViewCell.m in Sources */ = {isa = PBXBuildFile; fileRef = 6F4F12271CB3FBC0004C711B /* XMTableViewCell.m */; };
		6F4F122B1CB407D5004C711B /* XMTableObject.m in Sources */ = {isa = PBXBuildFile; fileRef = 6F4F122A1CB407D5004C711B /* XMTableObject.m */; };
		6F4F122F1CB410F1004C711B /* XMTestViewController.m in Sources */ = {isa = PBXBuildFile; fileRef = 6F4F122E1CB410F1004C711B /* XMTestViewController.m */; };
		6F4F12321CB413DE004C711B /* XMTestCell.m in Sources */ = {isa = PBXBuildFile; fileRef = 6F4F12311CB413DE004C711B /* XMTestCell.m */; };
		6F4F12351CB4140B004C711B /* XMTestModel.m in Sources */ = {isa = PBXBuildFile; fileRef = 6F4F12341CB4140B004C711B /* XMTestModel.m */; };
		6F4F12381CB41441004C711B /* XMTestCell2.m in Sources */ = {isa = PBXBuildFile; fileRef = 6F4F12371CB41441004C711B /* XMTestCell2.m */; };
		6F4F123B1CB41471004C711B /* XMTestModel2.m in Sources */ = {isa = PBXBuildFile; fileRef = 6F4F123A1CB41471004C711B /* XMTestModel2.m */; };
		6F59594E1CA57D9900E93C54 /* main.m in Sources */ = {isa = PBXBuildFile; fileRef = 6F59594D1CA57D9900E93C54 /* main.m */; };
		6F5959511CA57D9900E93C54 /* AppDelegate.m in Sources */ = {isa = PBXBuildFile; fileRef = 6F5959501CA57D9900E93C54 /* AppDelegate.m */; };
		6F5959541CA57D9900E93C54 /* ADMViewController.m in Sources */ = {isa = PBXBuildFile; fileRef = 6F5959531CA57D9900E93C54 /* ADMViewController.m */; };
		6F5959571CA57D9900E93C54 /* Main.storyboard in Resources */ = {isa = PBXBuildFile; fileRef = 6F5959551CA57D9900E93C54 /* Main.storyboard */; };
		6F5959591CA57D9900E93C54 /* Assets.xcassets in Resources */ = {isa = PBXBuildFile; fileRef = 6F5959581CA57D9900E93C54 /* Assets.xcassets */; };
		6F59595C1CA57D9900E93C54 /* LaunchScreen.storyboard in Resources */ = {isa = PBXBuildFile; fileRef = 6F59595A1CA57D9900E93C54 /* LaunchScreen.storyboard */; };
		6F5959671CA57D9900E93C54 /* AddTests.m in Sources */ = {isa = PBXBuildFile; fileRef = 6F5959661CA57D9900E93C54 /* AddTests.m */; };
		6F5959721CA57D9900E93C54 /* AddUITests.m in Sources */ = {isa = PBXBuildFile; fileRef = 6F5959711CA57D9900E93C54 /* AddUITests.m */; };
		6F6585F91CAC1E0B00557A33 /* ADITableViewCellModel.m in Sources */ = {isa = PBXBuildFile; fileRef = 6F6585F81CAC1E0B00557A33 /* ADITableViewCellModel.m */; };
		6F6585FC1CAC1FCE00557A33 /* ADItemViewController1.m in Sources */ = {isa = PBXBuildFile; fileRef = 6F6585FB1CAC1FCE00557A33 /* ADItemViewController1.m */; };
		6F6585FF1CAC1FE300557A33 /* ADItemViewController2.m in Sources */ = {isa = PBXBuildFile; fileRef = 6F6585FE1CAC1FE300557A33 /* ADItemViewController2.m */; };
		6F6586081CAC204F00557A33 /* ADItemViewController3.m in Sources */ = {isa = PBXBuildFile; fileRef = 6F6586071CAC204F00557A33 /* ADItemViewController3.m */; };
		6F65860B1CAC205C00557A33 /* ADItemViewController4.m in Sources */ = {isa = PBXBuildFile; fileRef = 6F65860A1CAC205C00557A33 /* ADItemViewController4.m */; };
		6F65860E1CAC206B00557A33 /* ADItemViewController5.m in Sources */ = {isa = PBXBuildFile; fileRef = 6F65860D1CAC206B00557A33 /* ADItemViewController5.m */; };
		6F6D88AE1CA665F5005E9A48 /* ADIViewController.m in Sources */ = {isa = PBXBuildFile; fileRef = 6F6D88AD1CA665F5005E9A48 /* ADIViewController.m */; };
		6F6D88B11CA66607005E9A48 /* ADSViewController.m in Sources */ = {isa = PBXBuildFile; fileRef = 6F6D88B01CA66607005E9A48 /* ADSViewController.m */; };
		6F6D88B71CA66638005E9A48 /* ADWViewController.m in Sources */ = {isa = PBXBuildFile; fileRef = 6F6D88B61CA66638005E9A48 /* ADWViewController.m */; };
		6F6D88BA1CA66EE5005E9A48 /* ADMNavigationController.m in Sources */ = {isa = PBXBuildFile; fileRef = 6F6D88B91CA66EE5005E9A48 /* ADMNavigationController.m */; };
		6F7D36311CBD3B9200DBBEFB /* DZSettingItem.m in Sources */ = {isa = PBXBuildFile; fileRef = 6F7D36281CBD3B9200DBBEFB /* DZSettingItem.m */; };
		6F7D36321CBD3B9200DBBEFB /* DZSettingItemArrow.m in Sources */ = {isa = PBXBuildFile; fileRef = 6F7D362A1CBD3B9200DBBEFB /* DZSettingItemArrow.m */; };
		6F7D36331CBD3B9200DBBEFB /* DZSettingItemLabel.m in Sources */ = {isa = PBXBuildFile; fileRef = 6F7D362C1CBD3B9200DBBEFB /* DZSettingItemLabel.m */; };
		6F7D36341CBD3B9200DBBEFB /* DZSettingItemSwitch.m in Sources */ = {isa = PBXBuildFile; fileRef = 6F7D362E1CBD3B9200DBBEFB /* DZSettingItemSwitch.m */; };
		6F7D36351CBD3B9200DBBEFB /* DZSettingItemValue.m in Sources */ = {isa = PBXBuildFile; fileRef = 6F7D36301CBD3B9200DBBEFB /* DZSettingItemValue.m */; };
		6F7D363A1CBD3CB100DBBEFB /* DZSettingKeys.m in Sources */ = {isa = PBXBuildFile; fileRef = 6F7D36371CBD3CB100DBBEFB /* DZSettingKeys.m */; };
		6F7D363B1CBD3CB100DBBEFB /* DZSettingTool.m in Sources */ = {isa = PBXBuildFile; fileRef = 6F7D36391CBD3CB100DBBEFB /* DZSettingTool.m */; };
		6F7D363E1CBD413400DBBEFB /* DZBaseSettingViewController.m in Sources */ = {isa = PBXBuildFile; fileRef = 6F7D363D1CBD413400DBBEFB /* DZBaseSettingViewController.m */; };
		6F7D36411CBD46EE00DBBEFB /* DZSettingGroup.m in Sources */ = {isa = PBXBuildFile; fileRef = 6F7D36401CBD46EE00DBBEFB /* DZSettingGroup.m */; };
		6F7D36441CBD475200DBBEFB /* DZSettingCell.m in Sources */ = {isa = PBXBuildFile; fileRef = 6F7D36431CBD475200DBBEFB /* DZSettingCell.m */; };
		6F7D36471CBD4DB800DBBEFB /* DZSettingDemoViewController.m in Sources */ = {isa = PBXBuildFile; fileRef = 6F7D36461CBD4DB800DBBEFB /* DZSettingDemoViewController.m */; };
		6F7D364C1CC5148700DBBEFB /* ADWTableViewCell.m in Sources */ = {isa = PBXBuildFile; fileRef = 6F7D364B1CC5148700DBBEFB /* ADWTableViewCell.m */; };
		6F7D364F1CC5187500DBBEFB /* ADWTableModel.m in Sources */ = {isa = PBXBuildFile; fileRef = 6F7D364E1CC5187500DBBEFB /* ADWTableModel.m */; };
		6F7D36591CC5362200DBBEFB /* NSString+Md5.m in Sources */ = {isa = PBXBuildFile; fileRef = 6F7D36581CC5362200DBBEFB /* NSString+Md5.m */; };
/* End PBXBuildFile section */

/* Begin PBXContainerItemProxy section */
		6F5959631CA57D9900E93C54 /* PBXContainerItemProxy */ = {
			isa = PBXContainerItemProxy;
			containerPortal = 6F5959411CA57D9900E93C54 /* Project object */;
			proxyType = 1;
			remoteGlobalIDString = 6F5959481CA57D9900E93C54;
			remoteInfo = Add;
		};
		6F59596E1CA57D9900E93C54 /* PBXContainerItemProxy */ = {
			isa = PBXContainerItemProxy;
			containerPortal = 6F5959411CA57D9900E93C54 /* Project object */;
			proxyType = 1;
			remoteGlobalIDString = 6F5959481CA57D9900E93C54;
			remoteInfo = Add;
		};
/* End PBXContainerItemProxy section */

/* Begin PBXFileReference section */
		0C4DC5FE235BF76C3821A98A /* Pods.debug.xcconfig */ = {isa = PBXFileReference; includeInIndex = 1; lastKnownFileType = text.xcconfig; name = Pods.debug.xcconfig; path = "Pods/Target Support Files/Pods/Pods.debug.xcconfig"; sourceTree = "<group>"; };
		6F0009D51CA6B33A00A51B7F /* UIBarButtonItem+ADImageButton.h */ = {isa = PBXFileReference; fileEncoding = 4; lastKnownFileType = sourcecode.c.h; path = "UIBarButtonItem+ADImageButton.h"; sourceTree = "<group>"; };
		6F0009D61CA6B33A00A51B7F /* UIBarButtonItem+ADImageButton.m */ = {isa = PBXFileReference; fileEncoding = 4; lastKnownFileType = sourcecode.c.objc; path = "UIBarButtonItem+ADImageButton.m"; sourceTree = "<group>"; };
		6F0009D81CA7AF7900A51B7F /* ADWAViewController.h */ = {isa = PBXFileReference; fileEncoding = 4; lastKnownFileType = sourcecode.c.h; path = ADWAViewController.h; sourceTree = "<group>"; };
		6F0009D91CA7AF7900A51B7F /* ADWAViewController.m */ = {isa = PBXFileReference; fileEncoding = 4; lastKnownFileType = sourcecode.c.objc; path = ADWAViewController.m; sourceTree = "<group>"; };
		6F0009DB1CA7BA7E00A51B7F /* ADSAViewController.h */ = {isa = PBXFileReference; fileEncoding = 4; lastKnownFileType = sourcecode.c.h; path = ADSAViewController.h; sourceTree = "<group>"; };
		6F0009DC1CA7BA7E00A51B7F /* ADSAViewController.m */ = {isa = PBXFileReference; fileEncoding = 4; lastKnownFileType = sourcecode.c.objc; path = ADSAViewController.m; sourceTree = "<group>"; };
		6F0009E21CA7D24200A51B7F /* CMTableViewController.h */ = {isa = PBXFileReference; fileEncoding = 4; lastKnownFileType = sourcecode.c.h; path = CMTableViewController.h; sourceTree = "<group>"; };
		6F0009E31CA7D24200A51B7F /* CMTableViewController.m */ = {isa = PBXFileReference; fileEncoding = 4; lastKnownFileType = sourcecode.c.objc; path = CMTableViewController.m; sourceTree = "<group>"; };
		6F0009E51CA7D95200A51B7F /* CMTableViewCell.h */ = {isa = PBXFileReference; fileEncoding = 4; lastKnownFileType = sourcecode.c.h; path = CMTableViewCell.h; sourceTree = "<group>"; };
		6F0009E61CA7D95200A51B7F /* CMTableViewCell.m */ = {isa = PBXFileReference; fileEncoding = 4; lastKnownFileType = sourcecode.c.objc; path = CMTableViewCell.m; sourceTree = "<group>"; };
		6F0009E81CA7E07700A51B7F /* ADITableViewCell.h */ = {isa = PBXFileReference; fileEncoding = 4; lastKnownFileType = sourcecode.c.h; path = ADITableViewCell.h; sourceTree = "<group>"; };
		6F0009E91CA7E07700A51B7F /* ADITableViewCell.m */ = {isa = PBXFileReference; fileEncoding = 4; lastKnownFileType = sourcecode.c.objc; path = ADITableViewCell.m; sourceTree = "<group>"; };
		6F0009EB1CA818FA00A51B7F /* ADITableViewHeader.h */ = {isa = PBXFileReference; fileEncoding = 4; lastKnownFileType = sourcecode.c.h; path = ADITableViewHeader.h; sourceTree = "<group>"; };
		6F0009EC1CA818FA00A51B7F /* ADITableViewHeader.m */ = {isa = PBXFileReference; fileEncoding = 4; lastKnownFileType = sourcecode.c.objc; path = ADITableViewHeader.m; sourceTree = "<group>"; };
		6F4C30911CB7EA10006E8CD5 /* ADITableViewHeader2.h */ = {isa = PBXFileReference; fileEncoding = 4; lastKnownFileType = sourcecode.c.h; path = ADITableViewHeader2.h; sourceTree = "<group>"; };
		6F4C30921CB7EA10006E8CD5 /* ADITableViewHeader2.m */ = {isa = PBXFileReference; fileEncoding = 4; lastKnownFileType = sourcecode.c.objc; path = ADITableViewHeader2.m; sourceTree = "<group>"; };
		6F4EDCD41CAD67FD00C2560B /* ADHeadViewController1.h */ = {isa = PBXFileReference; fileEncoding = 4; lastKnownFileType = sourcecode.c.h; path = ADHeadViewController1.h; sourceTree = "<group>"; };
		6F4EDCD51CAD67FD00C2560B /* ADHeadViewController1.m */ = {isa = PBXFileReference; fileEncoding = 4; lastKnownFileType = sourcecode.c.objc; path = ADHeadViewController1.m; sourceTree = "<group>"; };
		6F4EDCD71CAD682100C2560B /* ADHeadViewController2.h */ = {isa = PBXFileReference; fileEncoding = 4; lastKnownFileType = sourcecode.c.h; path = ADHeadViewController2.h; sourceTree = "<group>"; };
		6F4EDCD81CAD682100C2560B /* ADHeadViewController2.m */ = {isa = PBXFileReference; fileEncoding = 4; lastKnownFileType = sourcecode.c.objc; path = ADHeadViewController2.m; sourceTree = "<group>"; };
		6F4EDCDA1CAD683500C2560B /* ADHeadViewController3.h */ = {isa = PBXFileReference; fileEncoding = 4; lastKnownFileType = sourcecode.c.h; path = ADHeadViewController3.h; sourceTree = "<group>"; };
		6F4EDCDB1CAD683500C2560B /* ADHeadViewController3.m */ = {isa = PBXFileReference; fileEncoding = 4; lastKnownFileType = sourcecode.c.objc; path = ADHeadViewController3.m; sourceTree = "<group>"; };
		6F4EDCDD1CAD684C00C2560B /* ADHeadViewController.h */ = {isa = PBXFileReference; fileEncoding = 4; lastKnownFileType = sourcecode.c.h; path = ADHeadViewController.h; sourceTree = "<group>"; };
		6F4EDCDE1CAD684C00C2560B /* ADHeadViewController.m */ = {isa = PBXFileReference; fileEncoding = 4; lastKnownFileType = sourcecode.c.objc; path = ADHeadViewController.m; sourceTree = "<group>"; };
		6F4F12231CB3FAB7004C711B /* XMTableViewController.h */ = {isa = PBXFileReference; fileEncoding = 4; lastKnownFileType = sourcecode.c.h; path = XMTableViewController.h; sourceTree = "<group>"; };
		6F4F12241CB3FAB7004C711B /* XMTableViewController.m */ = {isa = PBXFileReference; fileEncoding = 4; lastKnownFileType = sourcecode.c.objc; path = XMTableViewController.m; sourceTree = "<group>"; };
		6F4F12261CB3FBC0004C711B /* XMTableViewCell.h */ = {isa = PBXFileReference; fileEncoding = 4; lastKnownFileType = sourcecode.c.h; path = XMTableViewCell.h; sourceTree = "<group>"; };
		6F4F12271CB3FBC0004C711B /* XMTableViewCell.m */ = {isa = PBXFileReference; fileEncoding = 4; lastKnownFileType = sourcecode.c.objc; path = XMTableViewCell.m; sourceTree = "<group>"; };
		6F4F12291CB407D5004C711B /* XMTableObject.h */ = {isa = PBXFileReference; fileEncoding = 4; lastKnownFileType = sourcecode.c.h; path = XMTableObject.h; sourceTree = "<group>"; };
		6F4F122A1CB407D5004C711B /* XMTableObject.m */ = {isa = PBXFileReference; fileEncoding = 4; lastKnownFileType = sourcecode.c.objc; path = XMTableObject.m; sourceTree = "<group>"; };
		6F4F122D1CB410F1004C711B /* XMTestViewController.h */ = {isa = PBXFileReference; fileEncoding = 4; lastKnownFileType = sourcecode.c.h; path = XMTestViewController.h; sourceTree = "<group>"; };
		6F4F122E1CB410F1004C711B /* XMTestViewController.m */ = {isa = PBXFileReference; fileEncoding = 4; lastKnownFileType = sourcecode.c.objc; path = XMTestViewController.m; sourceTree = "<group>"; };
		6F4F12301CB413DE004C711B /* XMTestCell.h */ = {isa = PBXFileReference; fileEncoding = 4; lastKnownFileType = sourcecode.c.h; path = XMTestCell.h; sourceTree = "<group>"; };
		6F4F12311CB413DE004C711B /* XMTestCell.m */ = {isa = PBXFileReference; fileEncoding = 4; lastKnownFileType = sourcecode.c.objc; path = XMTestCell.m; sourceTree = "<group>"; };
		6F4F12331CB4140B004C711B /* XMTestModel.h */ = {isa = PBXFileReference; fileEncoding = 4; lastKnownFileType = sourcecode.c.h; path = XMTestModel.h; sourceTree = "<group>"; };
		6F4F12341CB4140B004C711B /* XMTestModel.m */ = {isa = PBXFileReference; fileEncoding = 4; lastKnownFileType = sourcecode.c.objc; path = XMTestModel.m; sourceTree = "<group>"; };
		6F4F12361CB41441004C711B /* XMTestCell2.h */ = {isa = PBXFileReference; fileEncoding = 4; lastKnownFileType = sourcecode.c.h; path = XMTestCell2.h; sourceTree = "<group>"; };
		6F4F12371CB41441004C711B /* XMTestCell2.m */ = {isa = PBXFileReference; fileEncoding = 4; lastKnownFileType = sourcecode.c.objc; path = XMTestCell2.m; sourceTree = "<group>"; };
		6F4F12391CB41471004C711B /* XMTestModel2.h */ = {isa = PBXFileReference; fileEncoding = 4; lastKnownFileType = sourcecode.c.h; path = XMTestModel2.h; sourceTree = "<group>"; };
		6F4F123A1CB41471004C711B /* XMTestModel2.m */ = {isa = PBXFileReference; fileEncoding = 4; lastKnownFileType = sourcecode.c.objc; path = XMTestModel2.m; sourceTree = "<group>"; };
		6F5959491CA57D9900E93C54 /* Add.app */ = {isa = PBXFileReference; explicitFileType = wrapper.application; includeInIndex = 0; path = Add.app; sourceTree = BUILT_PRODUCTS_DIR; };
		6F59594D1CA57D9900E93C54 /* main.m */ = {isa = PBXFileReference; lastKnownFileType = sourcecode.c.objc; path = main.m; sourceTree = "<group>"; };
		6F59594F1CA57D9900E93C54 /* AppDelegate.h */ = {isa = PBXFileReference; lastKnownFileType = sourcecode.c.h; path = AppDelegate.h; sourceTree = "<group>"; };
		6F5959501CA57D9900E93C54 /* AppDelegate.m */ = {isa = PBXFileReference; lastKnownFileType = sourcecode.c.objc; path = AppDelegate.m; sourceTree = "<group>"; };
		6F5959521CA57D9900E93C54 /* ADMViewController.h */ = {isa = PBXFileReference; lastKnownFileType = sourcecode.c.h; path = ADMViewController.h; sourceTree = "<group>"; };
		6F5959531CA57D9900E93C54 /* ADMViewController.m */ = {isa = PBXFileReference; lastKnownFileType = sourcecode.c.objc; path = ADMViewController.m; sourceTree = "<group>"; };
		6F5959561CA57D9900E93C54 /* Base */ = {isa = PBXFileReference; lastKnownFileType = file.storyboard; name = Base; path = Base.lproj/Main.storyboard; sourceTree = "<group>"; };
		6F5959581CA57D9900E93C54 /* Assets.xcassets */ = {isa = PBXFileReference; lastKnownFileType = folder.assetcatalog; path = Assets.xcassets; sourceTree = "<group>"; };
		6F59595B1CA57D9900E93C54 /* Base */ = {isa = PBXFileReference; lastKnownFileType = file.storyboard; name = Base; path = Base.lproj/LaunchScreen.storyboard; sourceTree = "<group>"; };
		6F59595D1CA57D9900E93C54 /* Info.plist */ = {isa = PBXFileReference; lastKnownFileType = text.plist.xml; path = Info.plist; sourceTree = "<group>"; };
		6F5959621CA57D9900E93C54 /* AddTests.xctest */ = {isa = PBXFileReference; explicitFileType = wrapper.cfbundle; includeInIndex = 0; path = AddTests.xctest; sourceTree = BUILT_PRODUCTS_DIR; };
		6F5959661CA57D9900E93C54 /* AddTests.m */ = {isa = PBXFileReference; lastKnownFileType = sourcecode.c.objc; path = AddTests.m; sourceTree = "<group>"; };
		6F5959681CA57D9900E93C54 /* Info.plist */ = {isa = PBXFileReference; lastKnownFileType = text.plist.xml; path = Info.plist; sourceTree = "<group>"; };
		6F59596D1CA57D9900E93C54 /* AddUITests.xctest */ = {isa = PBXFileReference; explicitFileType = wrapper.cfbundle; includeInIndex = 0; path = AddUITests.xctest; sourceTree = BUILT_PRODUCTS_DIR; };
		6F5959711CA57D9900E93C54 /* AddUITests.m */ = {isa = PBXFileReference; lastKnownFileType = sourcecode.c.objc; path = AddUITests.m; sourceTree = "<group>"; };
		6F5959731CA57D9900E93C54 /* Info.plist */ = {isa = PBXFileReference; lastKnownFileType = text.plist.xml; path = Info.plist; sourceTree = "<group>"; };
		6F6585F71CAC1E0B00557A33 /* ADITableViewCellModel.h */ = {isa = PBXFileReference; fileEncoding = 4; lastKnownFileType = sourcecode.c.h; path = ADITableViewCellModel.h; sourceTree = "<group>"; };
		6F6585F81CAC1E0B00557A33 /* ADITableViewCellModel.m */ = {isa = PBXFileReference; fileEncoding = 4; lastKnownFileType = sourcecode.c.objc; path = ADITableViewCellModel.m; sourceTree = "<group>"; };
		6F6585FA1CAC1FCE00557A33 /* ADItemViewController1.h */ = {isa = PBXFileReference; fileEncoding = 4; lastKnownFileType = sourcecode.c.h; path = ADItemViewController1.h; sourceTree = "<group>"; };
		6F6585FB1CAC1FCE00557A33 /* ADItemViewController1.m */ = {isa = PBXFileReference; fileEncoding = 4; lastKnownFileType = sourcecode.c.objc; path = ADItemViewController1.m; sourceTree = "<group>"; };
		6F6585FD1CAC1FE300557A33 /* ADItemViewController2.h */ = {isa = PBXFileReference; fileEncoding = 4; lastKnownFileType = sourcecode.c.h; path = ADItemViewController2.h; sourceTree = "<group>"; };
		6F6585FE1CAC1FE300557A33 /* ADItemViewController2.m */ = {isa = PBXFileReference; fileEncoding = 4; lastKnownFileType = sourcecode.c.objc; path = ADItemViewController2.m; sourceTree = "<group>"; };
		6F6586061CAC204F00557A33 /* ADItemViewController3.h */ = {isa = PBXFileReference; fileEncoding = 4; lastKnownFileType = sourcecode.c.h; path = ADItemViewController3.h; sourceTree = "<group>"; };
		6F6586071CAC204F00557A33 /* ADItemViewController3.m */ = {isa = PBXFileReference; fileEncoding = 4; lastKnownFileType = sourcecode.c.objc; path = ADItemViewController3.m; sourceTree = "<group>"; };
		6F6586091CAC205C00557A33 /* ADItemViewController4.h */ = {isa = PBXFileReference; fileEncoding = 4; lastKnownFileType = sourcecode.c.h; path = ADItemViewController4.h; sourceTree = "<group>"; };
		6F65860A1CAC205C00557A33 /* ADItemViewController4.m */ = {isa = PBXFileReference; fileEncoding = 4; lastKnownFileType = sourcecode.c.objc; path = ADItemViewController4.m; sourceTree = "<group>"; };
		6F65860C1CAC206B00557A33 /* ADItemViewController5.h */ = {isa = PBXFileReference; fileEncoding = 4; lastKnownFileType = sourcecode.c.h; path = ADItemViewController5.h; sourceTree = "<group>"; };
		6F65860D1CAC206B00557A33 /* ADItemViewController5.m */ = {isa = PBXFileReference; fileEncoding = 4; lastKnownFileType = sourcecode.c.objc; path = ADItemViewController5.m; sourceTree = "<group>"; };
		6F6586111CAC2C3D00557A33 /* ADIHeaderDelegate.h */ = {isa = PBXFileReference; lastKnownFileType = sourcecode.c.h; path = ADIHeaderDelegate.h; sourceTree = "<group>"; };
		6F6D88A01CA64E97005E9A48 /* Add-PrefixHeader.pch */ = {isa = PBXFileReference; lastKnownFileType = sourcecode.c.h; path = "Add-PrefixHeader.pch"; sourceTree = "<group>"; };
		6F6D88AC1CA665F5005E9A48 /* ADIViewController.h */ = {isa = PBXFileReference; fileEncoding = 4; lastKnownFileType = sourcecode.c.h; path = ADIViewController.h; sourceTree = "<group>"; };
		6F6D88AD1CA665F5005E9A48 /* ADIViewController.m */ = {isa = PBXFileReference; fileEncoding = 4; lastKnownFileType = sourcecode.c.objc; path = ADIViewController.m; sourceTree = "<group>"; };
		6F6D88AF1CA66607005E9A48 /* ADSViewController.h */ = {isa = PBXFileReference; fileEncoding = 4; lastKnownFileType = sourcecode.c.h; path = ADSViewController.h; sourceTree = "<group>"; };
		6F6D88B01CA66607005E9A48 /* ADSViewController.m */ = {isa = PBXFileReference; fileEncoding = 4; lastKnownFileType = sourcecode.c.objc; path = ADSViewController.m; sourceTree = "<group>"; };
		6F6D88B51CA66638005E9A48 /* ADWViewController.h */ = {isa = PBXFileReference; fileEncoding = 4; lastKnownFileType = sourcecode.c.h; path = ADWViewController.h; sourceTree = "<group>"; };
		6F6D88B61CA66638005E9A48 /* ADWViewController.m */ = {isa = PBXFileReference; fileEncoding = 4; lastKnownFileType = sourcecode.c.objc; path = ADWViewController.m; sourceTree = "<group>"; };
		6F6D88B81CA66EE5005E9A48 /* ADMNavigationController.h */ = {isa = PBXFileReference; fileEncoding = 4; lastKnownFileType = sourcecode.c.h; path = ADMNavigationController.h; sourceTree = "<group>"; };
		6F6D88B91CA66EE5005E9A48 /* ADMNavigationController.m */ = {isa = PBXFileReference; fileEncoding = 4; lastKnownFileType = sourcecode.c.objc; path = ADMNavigationController.m; sourceTree = "<group>"; };
		6F7D36271CBD3B9200DBBEFB /* DZSettingItem.h */ = {isa = PBXFileReference; fileEncoding = 4; lastKnownFileType = sourcecode.c.h; path = DZSettingItem.h; sourceTree = "<group>"; };
		6F7D36281CBD3B9200DBBEFB /* DZSettingItem.m */ = {isa = PBXFileReference; fileEncoding = 4; lastKnownFileType = sourcecode.c.objc; path = DZSettingItem.m; sourceTree = "<group>"; };
		6F7D36291CBD3B9200DBBEFB /* DZSettingItemArrow.h */ = {isa = PBXFileReference; fileEncoding = 4; lastKnownFileType = sourcecode.c.h; path = DZSettingItemArrow.h; sourceTree = "<group>"; };
		6F7D362A1CBD3B9200DBBEFB /* DZSettingItemArrow.m */ = {isa = PBXFileReference; fileEncoding = 4; lastKnownFileType = sourcecode.c.objc; path = DZSettingItemArrow.m; sourceTree = "<group>"; };
		6F7D362B1CBD3B9200DBBEFB /* DZSettingItemLabel.h */ = {isa = PBXFileReference; fileEncoding = 4; lastKnownFileType = sourcecode.c.h; path = DZSettingItemLabel.h; sourceTree = "<group>"; };
		6F7D362C1CBD3B9200DBBEFB /* DZSettingItemLabel.m */ = {isa = PBXFileReference; fileEncoding = 4; lastKnownFileType = sourcecode.c.objc; path = DZSettingItemLabel.m; sourceTree = "<group>"; };
		6F7D362D1CBD3B9200DBBEFB /* DZSettingItemSwitch.h */ = {isa = PBXFileReference; fileEncoding = 4; lastKnownFileType = sourcecode.c.h; path = DZSettingItemSwitch.h; sourceTree = "<group>"; };
		6F7D362E1CBD3B9200DBBEFB /* DZSettingItemSwitch.m */ = {isa = PBXFileReference; fileEncoding = 4; lastKnownFileType = sourcecode.c.objc; path = DZSettingItemSwitch.m; sourceTree = "<group>"; };
		6F7D362F1CBD3B9200DBBEFB /* DZSettingItemValue.h */ = {isa = PBXFileReference; fileEncoding = 4; lastKnownFileType = sourcecode.c.h; path = DZSettingItemValue.h; sourceTree = "<group>"; };
		6F7D36301CBD3B9200DBBEFB /* DZSettingItemValue.m */ = {isa = PBXFileReference; fileEncoding = 4; lastKnownFileType = sourcecode.c.objc; path = DZSettingItemValue.m; sourceTree = "<group>"; };
		6F7D36361CBD3CB100DBBEFB /* DZSettingKeys.h */ = {isa = PBXFileReference; fileEncoding = 4; lastKnownFileType = sourcecode.c.h; path = DZSettingKeys.h; sourceTree = "<group>"; };
		6F7D36371CBD3CB100DBBEFB /* DZSettingKeys.m */ = {isa = PBXFileReference; fileEncoding = 4; lastKnownFileType = sourcecode.c.objc; path = DZSettingKeys.m; sourceTree = "<group>"; };
		6F7D36381CBD3CB100DBBEFB /* DZSettingTool.h */ = {isa = PBXFileReference; fileEncoding = 4; lastKnownFileType = sourcecode.c.h; path = DZSettingTool.h; sourceTree = "<group>"; };
		6F7D36391CBD3CB100DBBEFB /* DZSettingTool.m */ = {isa = PBXFileReference; fileEncoding = 4; lastKnownFileType = sourcecode.c.objc; path = DZSettingTool.m; sourceTree = "<group>"; };
		6F7D363C1CBD413400DBBEFB /* DZBaseSettingViewController.h */ = {isa = PBXFileReference; fileEncoding = 4; lastKnownFileType = sourcecode.c.h; path = DZBaseSettingViewController.h; sourceTree = "<group>"; };
		6F7D363D1CBD413400DBBEFB /* DZBaseSettingViewController.m */ = {isa = PBXFileReference; fileEncoding = 4; lastKnownFileType = sourcecode.c.objc; path = DZBaseSettingViewController.m; sourceTree = "<group>"; };
		6F7D363F1CBD46EE00DBBEFB /* DZSettingGroup.h */ = {isa = PBXFileReference; fileEncoding = 4; lastKnownFileType = sourcecode.c.h; path = DZSettingGroup.h; sourceTree = "<group>"; };
		6F7D36401CBD46EE00DBBEFB /* DZSettingGroup.m */ = {isa = PBXFileReference; fileEncoding = 4; lastKnownFileType = sourcecode.c.objc; path = DZSettingGroup.m; sourceTree = "<group>"; };
		6F7D36421CBD475200DBBEFB /* DZSettingCell.h */ = {isa = PBXFileReference; fileEncoding = 4; lastKnownFileType = sourcecode.c.h; path = DZSettingCell.h; sourceTree = "<group>"; };
		6F7D36431CBD475200DBBEFB /* DZSettingCell.m */ = {isa = PBXFileReference; fileEncoding = 4; lastKnownFileType = sourcecode.c.objc; path = DZSettingCell.m; sourceTree = "<group>"; };
		6F7D36451CBD4DB800DBBEFB /* DZSettingDemoViewController.h */ = {isa = PBXFileReference; fileEncoding = 4; lastKnownFileType = sourcecode.c.h; path = DZSettingDemoViewController.h; sourceTree = "<group>"; };
		6F7D36461CBD4DB800DBBEFB /* DZSettingDemoViewController.m */ = {isa = PBXFileReference; fileEncoding = 4; lastKnownFileType = sourcecode.c.objc; path = DZSettingDemoViewController.m; sourceTree = "<group>"; };
		6F7D364A1CC5148700DBBEFB /* ADWTableViewCell.h */ = {isa = PBXFileReference; fileEncoding = 4; lastKnownFileType = sourcecode.c.h; path = ADWTableViewCell.h; sourceTree = "<group>"; };
		6F7D364B1CC5148700DBBEFB /* ADWTableViewCell.m */ = {isa = PBXFileReference; fileEncoding = 4; lastKnownFileType = sourcecode.c.objc; path = ADWTableViewCell.m; sourceTree = "<group>"; };
		6F7D364D1CC5187500DBBEFB /* ADWTableModel.h */ = {isa = PBXFileReference; fileEncoding = 4; lastKnownFileType = sourcecode.c.h; path = ADWTableModel.h; sourceTree = "<group>"; };
		6F7D364E1CC5187500DBBEFB /* ADWTableModel.m */ = {isa = PBXFileReference; fileEncoding = 4; lastKnownFileType = sourcecode.c.objc; path = ADWTableModel.m; sourceTree = "<group>"; };
		6F7D36571CC5362200DBBEFB /* NSString+Md5.h */ = {isa = PBXFileReference; fileEncoding = 4; lastKnownFileType = sourcecode.c.h; path = "NSString+Md5.h"; sourceTree = "<group>"; };
		6F7D36581CC5362200DBBEFB /* NSString+Md5.m */ = {isa = PBXFileReference; fileEncoding = 4; lastKnownFileType = sourcecode.c.objc; path = "NSString+Md5.m"; sourceTree = "<group>"; };
		ABD07FB20A23528B6454F3AF /* libPods.a */ = {isa = PBXFileReference; explicitFileType = archive.ar; includeInIndex = 0; path = libPods.a; sourceTree = BUILT_PRODUCTS_DIR; };
		C71AD1CAAA80F3FBA3C070CC /* Pods.release.xcconfig */ = {isa = PBXFileReference; includeInIndex = 1; lastKnownFileType = text.xcconfig; name = Pods.release.xcconfig; path = "Pods/Target Support Files/Pods/Pods.release.xcconfig"; sourceTree = "<group>"; };
/* End PBXFileReference section */

/* Begin PBXFrameworksBuildPhase section */
		6F5959461CA57D9900E93C54 /* Frameworks */ = {
			isa = PBXFrameworksBuildPhase;
			buildActionMask = 2147483647;
			files = (
				3BCE09988187D3AC43D5A1C6 /* libPods.a in Frameworks */,
			);
			runOnlyForDeploymentPostprocessing = 0;
		};
		6F59595F1CA57D9900E93C54 /* Frameworks */ = {
			isa = PBXFrameworksBuildPhase;
			buildActionMask = 2147483647;
			files = (
			);
			runOnlyForDeploymentPostprocessing = 0;
		};
		6F59596A1CA57D9900E93C54 /* Frameworks */ = {
			isa = PBXFrameworksBuildPhase;
			buildActionMask = 2147483647;
			files = (
			);
			runOnlyForDeploymentPostprocessing = 0;
		};
/* End PBXFrameworksBuildPhase section */

/* Begin PBXGroup section */
		446B2EBB4C8EA40ECB3F0C57 /* Frameworks */ = {
			isa = PBXGroup;
			children = (
				ABD07FB20A23528B6454F3AF /* libPods.a */,
			);
			name = Frameworks;
			sourceTree = "<group>";
		};
		6F0009DE1CA7D1EF00A51B7F /* Common */ = {
			isa = PBXGroup;
			children = (
				6F7D36561CC5360300DBBEFB /* Tools */,
				6F7D36171CBD2D1F00DBBEFB /* DZSettingItem */,
				6F0009E01CA7D20A00A51B7F /* XMTableView */,
				6F0009DF1CA7D1FF00A51B7F /* CMTableView */,
			);
			name = Common;
			sourceTree = "<group>";
		};
		6F0009DF1CA7D1FF00A51B7F /* CMTableView */ = {
			isa = PBXGroup;
			children = (
				6F0009E51CA7D95200A51B7F /* CMTableViewCell.h */,
				6F0009E61CA7D95200A51B7F /* CMTableViewCell.m */,
				6F0009E21CA7D24200A51B7F /* CMTableViewController.h */,
				6F0009E31CA7D24200A51B7F /* CMTableViewController.m */,
			);
			name = CMTableView;
			sourceTree = "<group>";
		};
		6F0009E01CA7D20A00A51B7F /* XMTableView */ = {
			isa = PBXGroup;
			children = (
				6F7D36491CBD5B7500DBBEFB /* Sample */,
				6F4F12231CB3FAB7004C711B /* XMTableViewController.h */,
				6F4F12241CB3FAB7004C711B /* XMTableViewController.m */,
				6F4F12261CB3FBC0004C711B /* XMTableViewCell.h */,
				6F4F12271CB3FBC0004C711B /* XMTableViewCell.m */,
				6F4F12291CB407D5004C711B /* XMTableObject.h */,
				6F4F122A1CB407D5004C711B /* XMTableObject.m */,
			);
			name = XMTableView;
			sourceTree = "<group>";
		};
		6F5959401CA57D9900E93C54 = {
			isa = PBXGroup;
			children = (
				6F59594B1CA57D9900E93C54 /* Add */,
				6F5959651CA57D9900E93C54 /* AddTests */,
				6F5959701CA57D9900E93C54 /* AddUITests */,
				6F59594A1CA57D9900E93C54 /* Products */,
				9306264CD20BB7C69933E038 /* Pods */,
				446B2EBB4C8EA40ECB3F0C57 /* Frameworks */,
			);
			sourceTree = "<group>";
		};
		6F59594A1CA57D9900E93C54 /* Products */ = {
			isa = PBXGroup;
			children = (
				6F5959491CA57D9900E93C54 /* Add.app */,
				6F5959621CA57D9900E93C54 /* AddTests.xctest */,
				6F59596D1CA57D9900E93C54 /* AddUITests.xctest */,
			);
			name = Products;
			sourceTree = "<group>";
		};
		6F59594B1CA57D9900E93C54 /* Add */ = {
			isa = PBXGroup;
			children = (
				6F0009DE1CA7D1EF00A51B7F /* Common */,
				6F6D88A51CA6531A005E9A48 /* Mine */,
				6F6D88A41CA65311005E9A48 /* Show */,
				6F6D88A31CA65308005E9A48 /* Wall */,
				6F6D889E1CA64B09005E9A48 /* Main */,
				6F6D889D1CA64ADB005E9A48 /* Other */,
				6F59594C1CA57D9900E93C54 /* Supporting Files */,
			);
			path = Add;
			sourceTree = "<group>";
		};
		6F59594C1CA57D9900E93C54 /* Supporting Files */ = {
			isa = PBXGroup;
			children = (
				6F5959551CA57D9900E93C54 /* Main.storyboard */,
				6F5959581CA57D9900E93C54 /* Assets.xcassets */,
				6F6D88A01CA64E97005E9A48 /* Add-PrefixHeader.pch */,
				6F59595A1CA57D9900E93C54 /* LaunchScreen.storyboard */,
				6F59595D1CA57D9900E93C54 /* Info.plist */,
				6F59594D1CA57D9900E93C54 /* main.m */,
			);
			name = "Supporting Files";
			sourceTree = "<group>";
		};
		6F5959651CA57D9900E93C54 /* AddTests */ = {
			isa = PBXGroup;
			children = (
				6F5959661CA57D9900E93C54 /* AddTests.m */,
				6F5959681CA57D9900E93C54 /* Info.plist */,
			);
			path = AddTests;
			sourceTree = "<group>";
		};
		6F5959701CA57D9900E93C54 /* AddUITests */ = {
			isa = PBXGroup;
			children = (
				6F5959711CA57D9900E93C54 /* AddUITests.m */,
				6F5959731CA57D9900E93C54 /* Info.plist */,
			);
			path = AddUITests;
			sourceTree = "<group>";
		};
		6F6586101CAC2BE500557A33 /* Delegate */ = {
			isa = PBXGroup;
			children = (
				6F6586111CAC2C3D00557A33 /* ADIHeaderDelegate.h */,
			);
			name = Delegate;
			sourceTree = "<group>";
		};
		6F6D889D1CA64ADB005E9A48 /* Other */ = {
			isa = PBXGroup;
			children = (
				6F59594F1CA57D9900E93C54 /* AppDelegate.h */,
				6F5959501CA57D9900E93C54 /* AppDelegate.m */,
			);
			name = Other;
			sourceTree = "<group>";
		};
		6F6D889E1CA64B09005E9A48 /* Main */ = {
			isa = PBXGroup;
			children = (
				6F6D88A21CA652CB005E9A48 /* View */,
				6F6D88A11CA652C0005E9A48 /* Controller */,
				6F6D889F1CA64C4F005E9A48 /* Model */,
			);
			name = Main;
			sourceTree = "<group>";
		};
		6F6D889F1CA64C4F005E9A48 /* Model */ = {
			isa = PBXGroup;
			children = (
			);
			name = Model;
			sourceTree = "<group>";
		};
		6F6D88A11CA652C0005E9A48 /* Controller */ = {
			isa = PBXGroup;
			children = (
				6F5959521CA57D9900E93C54 /* ADMViewController.h */,
				6F5959531CA57D9900E93C54 /* ADMViewController.m */,
				6F6D88B81CA66EE5005E9A48 /* ADMNavigationController.h */,
				6F6D88B91CA66EE5005E9A48 /* ADMNavigationController.m */,
			);
			name = Controller;
			sourceTree = "<group>";
		};
		6F6D88A21CA652CB005E9A48 /* View */ = {
			isa = PBXGroup;
			children = (
				6F0009D51CA6B33A00A51B7F /* UIBarButtonItem+ADImageButton.h */,
				6F0009D61CA6B33A00A51B7F /* UIBarButtonItem+ADImageButton.m */,
			);
			name = View;
			sourceTree = "<group>";
		};
		6F6D88A31CA65308005E9A48 /* Wall */ = {
			isa = PBXGroup;
			children = (
				6F6D88B41CA66621005E9A48 /* Model */,
				6F6D88B31CA6661A005E9A48 /* Controller */,
				6F6D88B21CA66610005E9A48 /* View */,
			);
			name = Wall;
			sourceTree = "<group>";
		};
		6F6D88A41CA65311005E9A48 /* Show */ = {
			isa = PBXGroup;
			children = (
				6F6D88A81CA6533B005E9A48 /* View */,
				6F6D88A71CA6532C005E9A48 /* Controller */,
				6F6D88A61CA65324005E9A48 /* Model */,
			);
			name = Show;
			sourceTree = "<group>";
		};
		6F6D88A51CA6531A005E9A48 /* Mine */ = {
			isa = PBXGroup;
			children = (
				6F6586101CAC2BE500557A33 /* Delegate */,
				6F6D88AB1CA65382005E9A48 /* Controller */,
				6F6D88AA1CA6537D005E9A48 /* View */,
				6F6D88A91CA65342005E9A48 /* Model */,
			);
			name = Mine;
			sourceTree = "<group>";
		};
		6F6D88A61CA65324005E9A48 /* Model */ = {
			isa = PBXGroup;
			children = (
			);
			name = Model;
			sourceTree = "<group>";
		};
		6F6D88A71CA6532C005E9A48 /* Controller */ = {
			isa = PBXGroup;
			children = (
				6F6D88AF1CA66607005E9A48 /* ADSViewController.h */,
				6F6D88B01CA66607005E9A48 /* ADSViewController.m */,
				6F0009DB1CA7BA7E00A51B7F /* ADSAViewController.h */,
				6F0009DC1CA7BA7E00A51B7F /* ADSAViewController.m */,
			);
			name = Controller;
			sourceTree = "<group>";
		};
		6F6D88A81CA6533B005E9A48 /* View */ = {
			isa = PBXGroup;
			children = (
			);
			name = View;
			sourceTree = "<group>";
		};
		6F6D88A91CA65342005E9A48 /* Model */ = {
			isa = PBXGroup;
			children = (
				6F6585F71CAC1E0B00557A33 /* ADITableViewCellModel.h */,
				6F6585F81CAC1E0B00557A33 /* ADITableViewCellModel.m */,
			);
			name = Model;
			sourceTree = "<group>";
		};
		6F6D88AA1CA6537D005E9A48 /* View */ = {
			isa = PBXGroup;
			children = (
				6F0009E81CA7E07700A51B7F /* ADITableViewCell.h */,
				6F0009E91CA7E07700A51B7F /* ADITableViewCell.m */,
				6F0009EB1CA818FA00A51B7F /* ADITableViewHeader.h */,
				6F0009EC1CA818FA00A51B7F /* ADITableViewHeader.m */,
				6F4C30911CB7EA10006E8CD5 /* ADITableViewHeader2.h */,
				6F4C30921CB7EA10006E8CD5 /* ADITableViewHeader2.m */,
			);
			name = View;
			sourceTree = "<group>";
		};
		6F6D88AB1CA65382005E9A48 /* Controller */ = {
			isa = PBXGroup;
			children = (
				6F6D88AC1CA665F5005E9A48 /* ADIViewController.h */,
				6F6D88AD1CA665F5005E9A48 /* ADIViewController.m */,
				6F6585FA1CAC1FCE00557A33 /* ADItemViewController1.h */,
				6F6585FB1CAC1FCE00557A33 /* ADItemViewController1.m */,
				6F6585FD1CAC1FE300557A33 /* ADItemViewController2.h */,
				6F6585FE1CAC1FE300557A33 /* ADItemViewController2.m */,
				6F6586061CAC204F00557A33 /* ADItemViewController3.h */,
				6F6586071CAC204F00557A33 /* ADItemViewController3.m */,
				6F6586091CAC205C00557A33 /* ADItemViewController4.h */,
				6F65860A1CAC205C00557A33 /* ADItemViewController4.m */,
				6F65860C1CAC206B00557A33 /* ADItemViewController5.h */,
				6F65860D1CAC206B00557A33 /* ADItemViewController5.m */,
				6F4EDCDD1CAD684C00C2560B /* ADHeadViewController.h */,
				6F4EDCDE1CAD684C00C2560B /* ADHeadViewController.m */,
				6F4EDCD41CAD67FD00C2560B /* ADHeadViewController1.h */,
				6F4EDCD51CAD67FD00C2560B /* ADHeadViewController1.m */,
				6F4EDCD71CAD682100C2560B /* ADHeadViewController2.h */,
				6F4EDCD81CAD682100C2560B /* ADHeadViewController2.m */,
				6F4EDCDA1CAD683500C2560B /* ADHeadViewController3.h */,
				6F4EDCDB1CAD683500C2560B /* ADHeadViewController3.m */,
			);
			name = Controller;
			sourceTree = "<group>";
		};
		6F6D88B21CA66610005E9A48 /* View */ = {
			isa = PBXGroup;
			children = (
				6F7D364A1CC5148700DBBEFB /* ADWTableViewCell.h */,
				6F7D364B1CC5148700DBBEFB /* ADWTableViewCell.m */,
			);
			name = View;
			sourceTree = "<group>";
		};
		6F6D88B31CA6661A005E9A48 /* Controller */ = {
			isa = PBXGroup;
			children = (
				6F6D88B51CA66638005E9A48 /* ADWViewController.h */,
				6F6D88B61CA66638005E9A48 /* ADWViewController.m */,
				6F0009D81CA7AF7900A51B7F /* ADWAViewController.h */,
				6F0009D91CA7AF7900A51B7F /* ADWAViewController.m */,
			);
			name = Controller;
			sourceTree = "<group>";
		};
		6F6D88B41CA66621005E9A48 /* Model */ = {
			isa = PBXGroup;
			children = (
				6F7D364D1CC5187500DBBEFB /* ADWTableModel.h */,
				6F7D364E1CC5187500DBBEFB /* ADWTableModel.m */,
			);
			name = Model;
			sourceTree = "<group>";
		};
		6F7D36171CBD2D1F00DBBEFB /* DZSettingItem */ = {
			isa = PBXGroup;
			children = (
				6F7D36481CBD5B3500DBBEFB /* Sample */,
				6F7D36421CBD475200DBBEFB /* DZSettingCell.h */,
				6F7D36431CBD475200DBBEFB /* DZSettingCell.m */,
				6F7D363F1CBD46EE00DBBEFB /* DZSettingGroup.h */,
				6F7D36401CBD46EE00DBBEFB /* DZSettingGroup.m */,
				6F7D363C1CBD413400DBBEFB /* DZBaseSettingViewController.h */,
				6F7D363D1CBD413400DBBEFB /* DZBaseSettingViewController.m */,
				6F7D36381CBD3CB100DBBEFB /* DZSettingTool.h */,
				6F7D36391CBD3CB100DBBEFB /* DZSettingTool.m */,
				6F7D36271CBD3B9200DBBEFB /* DZSettingItem.h */,
				6F7D36281CBD3B9200DBBEFB /* DZSettingItem.m */,
				6F7D36291CBD3B9200DBBEFB /* DZSettingItemArrow.h */,
				6F7D362A1CBD3B9200DBBEFB /* DZSettingItemArrow.m */,
				6F7D362B1CBD3B9200DBBEFB /* DZSettingItemLabel.h */,
				6F7D362C1CBD3B9200DBBEFB /* DZSettingItemLabel.m */,
				6F7D362D1CBD3B9200DBBEFB /* DZSettingItemSwitch.h */,
				6F7D362E1CBD3B9200DBBEFB /* DZSettingItemSwitch.m */,
				6F7D362F1CBD3B9200DBBEFB /* DZSettingItemValue.h */,
				6F7D36301CBD3B9200DBBEFB /* DZSettingItemValue.m */,
			);
			name = DZSettingItem;
			sourceTree = "<group>";
		};
		6F7D36481CBD5B3500DBBEFB /* Sample */ = {
			isa = PBXGroup;
			children = (
				6F7D36361CBD3CB100DBBEFB /* DZSettingKeys.h */,
				6F7D36371CBD3CB100DBBEFB /* DZSettingKeys.m */,
				6F7D36451CBD4DB800DBBEFB /* DZSettingDemoViewController.h */,
				6F7D36461CBD4DB800DBBEFB /* DZSettingDemoViewController.m */,
			);
			name = Sample;
			sourceTree = "<group>";
		};
		6F7D36491CBD5B7500DBBEFB /* Sample */ = {
			isa = PBXGroup;
			children = (
				6F4F122D1CB410F1004C711B /* XMTestViewController.h */,
				6F4F122E1CB410F1004C711B /* XMTestViewController.m */,
				6F4F12301CB413DE004C711B /* XMTestCell.h */,
				6F4F12311CB413DE004C711B /* XMTestCell.m */,
				6F4F12331CB4140B004C711B /* XMTestModel.h */,
				6F4F12341CB4140B004C711B /* XMTestModel.m */,
				6F4F12361CB41441004C711B /* XMTestCell2.h */,
				6F4F12371CB41441004C711B /* XMTestCell2.m */,
				6F4F12391CB41471004C711B /* XMTestModel2.h */,
				6F4F123A1CB41471004C711B /* XMTestModel2.m */,
			);
			name = Sample;
			sourceTree = "<group>";
		};
		6F7D36561CC5360300DBBEFB /* Tools */ = {
			isa = PBXGroup;
			children = (
				6F7D36571CC5362200DBBEFB /* NSString+Md5.h */,
				6F7D36581CC5362200DBBEFB /* NSString+Md5.m */,
			);
			name = Tools;
			sourceTree = "<group>";
		};
		9306264CD20BB7C69933E038 /* Pods */ = {
			isa = PBXGroup;
			children = (
				0C4DC5FE235BF76C3821A98A /* Pods.debug.xcconfig */,
				C71AD1CAAA80F3FBA3C070CC /* Pods.release.xcconfig */,
			);
			name = Pods;
			sourceTree = "<group>";
		};
/* End PBXGroup section */

/* Begin PBXNativeTarget section */
		6F5959481CA57D9900E93C54 /* Add */ = {
			isa = PBXNativeTarget;
			buildConfigurationList = 6F5959761CA57D9900E93C54 /* Build configuration list for PBXNativeTarget "Add" */;
			buildPhases = (
				7142DA8C2667733B9123A7B9 /* Check Pods Manifest.lock */,
				6F5959451CA57D9900E93C54 /* Sources */,
				6F5959461CA57D9900E93C54 /* Frameworks */,
				6F5959471CA57D9900E93C54 /* Resources */,
				FBED25424078D2F461731127 /* Embed Pods Frameworks */,
				1D21BC283A76C3221C5F39F9 /* Copy Pods Resources */,
			);
			buildRules = (
			);
			dependencies = (
			);
			name = Add;
			productName = Add;
			productReference = 6F5959491CA57D9900E93C54 /* Add.app */;
			productType = "com.apple.product-type.application";
		};
		6F5959611CA57D9900E93C54 /* AddTests */ = {
			isa = PBXNativeTarget;
			buildConfigurationList = 6F5959791CA57D9900E93C54 /* Build configuration list for PBXNativeTarget "AddTests" */;
			buildPhases = (
				6F59595E1CA57D9900E93C54 /* Sources */,
				6F59595F1CA57D9900E93C54 /* Frameworks */,
				6F5959601CA57D9900E93C54 /* Resources */,
			);
			buildRules = (
			);
			dependencies = (
				6F5959641CA57D9900E93C54 /* PBXTargetDependency */,
			);
			name = AddTests;
			productName = AddTests;
			productReference = 6F5959621CA57D9900E93C54 /* AddTests.xctest */;
			productType = "com.apple.product-type.bundle.unit-test";
		};
		6F59596C1CA57D9900E93C54 /* AddUITests */ = {
			isa = PBXNativeTarget;
			buildConfigurationList = 6F59597C1CA57D9900E93C54 /* Build configuration list for PBXNativeTarget "AddUITests" */;
			buildPhases = (
				6F5959691CA57D9900E93C54 /* Sources */,
				6F59596A1CA57D9900E93C54 /* Frameworks */,
				6F59596B1CA57D9900E93C54 /* Resources */,
			);
			buildRules = (
			);
			dependencies = (
				6F59596F1CA57D9900E93C54 /* PBXTargetDependency */,
			);
			name = AddUITests;
			productName = AddUITests;
			productReference = 6F59596D1CA57D9900E93C54 /* AddUITests.xctest */;
			productType = "com.apple.product-type.bundle.ui-testing";
		};
/* End PBXNativeTarget section */

/* Begin PBXProject section */
		6F5959411CA57D9900E93C54 /* Project object */ = {
			isa = PBXProject;
			attributes = {
				LastUpgradeCheck = 0720;
				ORGANIZATIONNAME = huangxy;
				TargetAttributes = {
					6F5959481CA57D9900E93C54 = {
						CreatedOnToolsVersion = 7.2;
						DevelopmentTeam = 6XAEMMV9TS;
					};
					6F5959611CA57D9900E93C54 = {
						CreatedOnToolsVersion = 7.2;
						DevelopmentTeam = 6XAEMMV9TS;
						TestTargetID = 6F5959481CA57D9900E93C54;
					};
					6F59596C1CA57D9900E93C54 = {
						CreatedOnToolsVersion = 7.2;
						DevelopmentTeam = 6XAEMMV9TS;
						TestTargetID = 6F5959481CA57D9900E93C54;
					};
				};
			};
			buildConfigurationList = 6F5959441CA57D9900E93C54 /* Build configuration list for PBXProject "Add" */;
			compatibilityVersion = "Xcode 3.2";
			developmentRegion = English;
			hasScannedForEncodings = 0;
			knownRegions = (
				en,
				Base,
			);
			mainGroup = 6F5959401CA57D9900E93C54;
			productRefGroup = 6F59594A1CA57D9900E93C54 /* Products */;
			projectDirPath = "";
			projectRoot = "";
			targets = (
				6F5959481CA57D9900E93C54 /* Add */,
				6F5959611CA57D9900E93C54 /* AddTests */,
				6F59596C1CA57D9900E93C54 /* AddUITests */,
			);
		};
/* End PBXProject section */

/* Begin PBXResourcesBuildPhase section */
		6F5959471CA57D9900E93C54 /* Resources */ = {
			isa = PBXResourcesBuildPhase;
			buildActionMask = 2147483647;
			files = (
				6F59595C1CA57D9900E93C54 /* LaunchScreen.storyboard in Resources */,
				6F5959591CA57D9900E93C54 /* Assets.xcassets in Resources */,
				6F5959571CA57D9900E93C54 /* Main.storyboard in Resources */,
			);
			runOnlyForDeploymentPostprocessing = 0;
		};
		6F5959601CA57D9900E93C54 /* Resources */ = {
			isa = PBXResourcesBuildPhase;
			buildActionMask = 2147483647;
			files = (
			);
			runOnlyForDeploymentPostprocessing = 0;
		};
		6F59596B1CA57D9900E93C54 /* Resources */ = {
			isa = PBXResourcesBuildPhase;
			buildActionMask = 2147483647;
			files = (
			);
			runOnlyForDeploymentPostprocessing = 0;
		};
/* End PBXResourcesBuildPhase section */

/* Begin PBXShellScriptBuildPhase section */
		1D21BC283A76C3221C5F39F9 /* Copy Pods Resources */ = {
			isa = PBXShellScriptBuildPhase;
			buildActionMask = 2147483647;
			files = (
			);
			inputPaths = (
			);
			name = "Copy Pods Resources";
			outputPaths = (
			);
			runOnlyForDeploymentPostprocessing = 0;
			shellPath = /bin/sh;
			shellScript = "\"${SRCROOT}/Pods/Target Support Files/Pods/Pods-resources.sh\"\n";
			showEnvVarsInLog = 0;
		};
		7142DA8C2667733B9123A7B9 /* Check Pods Manifest.lock */ = {
			isa = PBXShellScriptBuildPhase;
			buildActionMask = 2147483647;
			files = (
			);
			inputPaths = (
			);
			name = "Check Pods Manifest.lock";
			outputPaths = (
			);
			runOnlyForDeploymentPostprocessing = 0;
			shellPath = /bin/sh;
			shellScript = "diff \"${PODS_ROOT}/../Podfile.lock\" \"${PODS_ROOT}/Manifest.lock\" > /dev/null\nif [[ $? != 0 ]] ; then\n    cat << EOM\nerror: The sandbox is not in sync with the Podfile.lock. Run 'pod install' or update your CocoaPods installation.\nEOM\n    exit 1\nfi\n";
			showEnvVarsInLog = 0;
		};
		FBED25424078D2F461731127 /* Embed Pods Frameworks */ = {
			isa = PBXShellScriptBuildPhase;
			buildActionMask = 2147483647;
			files = (
			);
			inputPaths = (
			);
			name = "Embed Pods Frameworks";
			outputPaths = (
			);
			runOnlyForDeploymentPostprocessing = 0;
			shellPath = /bin/sh;
			shellScript = "\"${SRCROOT}/Pods/Target Support Files/Pods/Pods-frameworks.sh\"\n";
			showEnvVarsInLog = 0;
		};
/* End PBXShellScriptBuildPhase section */

/* Begin PBXSourcesBuildPhase section */
		6F5959451CA57D9900E93C54 /* Sources */ = {
			isa = PBXSourcesBuildPhase;
			buildActionMask = 2147483647;
			files = (
				6F4F12321CB413DE004C711B /* XMTestCell.m in Sources */,
				6F7D36311CBD3B9200DBBEFB /* DZSettingItem.m in Sources */,
				6F4EDCD61CAD67FD00C2560B /* ADHeadViewController1.m in Sources */,
				6F6585FF1CAC1FE300557A33 /* ADItemViewController2.m in Sources */,
				6F7D36471CBD4DB800DBBEFB /* DZSettingDemoViewController.m in Sources */,
				6F5959541CA57D9900E93C54 /* ADMViewController.m in Sources */,
				6F7D36441CBD475200DBBEFB /* DZSettingCell.m in Sources */,
				6F4F12381CB41441004C711B /* XMTestCell2.m in Sources */,
				6F7D36591CC5362200DBBEFB /* NSString+Md5.m in Sources */,
				6F4C30931CB7EA10006E8CD5 /* ADITableViewHeader2.m in Sources */,
				6F6586081CAC204F00557A33 /* ADItemViewController3.m in Sources */,
				6F5959511CA57D9900E93C54 /* AppDelegate.m in Sources */,
				6F7D36321CBD3B9200DBBEFB /* DZSettingItemArrow.m in Sources */,
				6F59594E1CA57D9900E93C54 /* main.m in Sources */,
				6F7D363E1CBD413400DBBEFB /* DZBaseSettingViewController.m in Sources */,
				6F0009E71CA7D95200A51B7F /* CMTableViewCell.m in Sources */,
				6F65860E1CAC206B00557A33 /* ADItemViewController5.m in Sources */,
				6F4F12281CB3FBC0004C711B /* XMTableViewCell.m in Sources */,
				6F0009DD1CA7BA7E00A51B7F /* ADSAViewController.m in Sources */,
				6F7D36411CBD46EE00DBBEFB /* DZSettingGroup.m in Sources */,
				6F0009ED1CA818FA00A51B7F /* ADITableViewHeader.m in Sources */,
				6F6585FC1CAC1FCE00557A33 /* ADItemViewController1.m in Sources */,
				6F6585F91CAC1E0B00557A33 /* ADITableViewCellModel.m in Sources */,
				6F4EDCD91CAD682100C2560B /* ADHeadViewController2.m in Sources */,
				6F7D364F1CC5187500DBBEFB /* ADWTableModel.m in Sources */,
				6F7D36351CBD3B9200DBBEFB /* DZSettingItemValue.m in Sources */,
				6F7D363B1CBD3CB100DBBEFB /* DZSettingTool.m in Sources */,
				6F6D88BA1CA66EE5005E9A48 /* ADMNavigationController.m in Sources */,
				6F4F123B1CB41471004C711B /* XMTestModel2.m in Sources */,
				6F4F12251CB3FAB7004C711B /* XMTableViewController.m in Sources */,
				6F65860B1CAC205C00557A33 /* ADItemViewController4.m in Sources */,
				6F4EDCDF1CAD684C00C2560B /* ADHeadViewController.m in Sources */,
				6F0009D71CA6B33A00A51B7F /* UIBarButtonItem+ADImageButton.m in Sources */,
				6F0009E41CA7D24200A51B7F /* CMTableViewController.m in Sources */,
				6F7D363A1CBD3CB100DBBEFB /* DZSettingKeys.m in Sources */,
				6F4EDCDC1CAD683500C2560B /* ADHeadViewController3.m in Sources */,
				6F7D364C1CC5148700DBBEFB /* ADWTableViewCell.m in Sources */,
				6F4F122F1CB410F1004C711B /* XMTestViewController.m in Sources */,
				6F0009DA1CA7AF7900A51B7F /* ADWAViewController.m in Sources */,
				6F4F12351CB4140B004C711B /* XMTestModel.m in Sources */,
				6F7D36331CBD3B9200DBBEFB /* DZSettingItemLabel.m in Sources */,
				6F6D88AE1CA665F5005E9A48 /* ADIViewController.m in Sources */,
				6F6D88B11CA66607005E9A48 /* ADSViewController.m in Sources */,
				6F6D88B71CA66638005E9A48 /* ADWViewController.m in Sources */,
				6F4F122B1CB407D5004C711B /* XMTableObject.m in Sources */,
				6F7D36341CBD3B9200DBBEFB /* DZSettingItemSwitch.m in Sources */,
				6F0009EA1CA7E07700A51B7F /* ADITableViewCell.m in Sources */,
			);
			runOnlyForDeploymentPostprocessing = 0;
		};
		6F59595E1CA57D9900E93C54 /* Sources */ = {
			isa = PBXSourcesBuildPhase;
			buildActionMask = 2147483647;
			files = (
				6F5959671CA57D9900E93C54 /* AddTests.m in Sources */,
			);
			runOnlyForDeploymentPostprocessing = 0;
		};
		6F5959691CA57D9900E93C54 /* Sources */ = {
			isa = PBXSourcesBuildPhase;
			buildActionMask = 2147483647;
			files = (
				6F5959721CA57D9900E93C54 /* AddUITests.m in Sources */,
			);
			runOnlyForDeploymentPostprocessing = 0;
		};
/* End PBXSourcesBuildPhase section */

/* Begin PBXTargetDependency section */
		6F5959641CA57D9900E93C54 /* PBXTargetDependency */ = {
			isa = PBXTargetDependency;
			target = 6F5959481CA57D9900E93C54 /* Add */;
			targetProxy = 6F5959631CA57D9900E93C54 /* PBXContainerItemProxy */;
		};
		6F59596F1CA57D9900E93C54 /* PBXTargetDependency */ = {
			isa = PBXTargetDependency;
			target = 6F5959481CA57D9900E93C54 /* Add */;
			targetProxy = 6F59596E1CA57D9900E93C54 /* PBXContainerItemProxy */;
		};
/* End PBXTargetDependency section */

/* Begin PBXVariantGroup section */
		6F5959551CA57D9900E93C54 /* Main.storyboard */ = {
			isa = PBXVariantGroup;
			children = (
				6F5959561CA57D9900E93C54 /* Base */,
			);
			name = Main.storyboard;
			sourceTree = "<group>";
		};
		6F59595A1CA57D9900E93C54 /* LaunchScreen.storyboard */ = {
			isa = PBXVariantGroup;
			children = (
				6F59595B1CA57D9900E93C54 /* Base */,
			);
			name = LaunchScreen.storyboard;
			sourceTree = "<group>";
		};
/* End PBXVariantGroup section */

/* Begin XCBuildConfiguration section */
		6F5959741CA57D9900E93C54 /* Debug */ = {
			isa = XCBuildConfiguration;
			buildSettings = {
				ALWAYS_SEARCH_USER_PATHS = NO;
				CLANG_CXX_LANGUAGE_STANDARD = "gnu++0x";
				CLANG_CXX_LIBRARY = "libc++";
				CLANG_ENABLE_MODULES = YES;
				CLANG_ENABLE_OBJC_ARC = YES;
				CLANG_WARN_BOOL_CONVERSION = YES;
				CLANG_WARN_CONSTANT_CONVERSION = YES;
				CLANG_WARN_DIRECT_OBJC_ISA_USAGE = YES_ERROR;
				CLANG_WARN_EMPTY_BODY = YES;
				CLANG_WARN_ENUM_CONVERSION = YES;
				CLANG_WARN_INT_CONVERSION = YES;
				CLANG_WARN_OBJC_ROOT_CLASS = YES_ERROR;
				CLANG_WARN_UNREACHABLE_CODE = YES;
				CLANG_WARN__DUPLICATE_METHOD_MATCH = YES;
				"CODE_SIGN_IDENTITY[sdk=iphoneos*]" = "iPhone Developer";
				COPY_PHASE_STRIP = NO;
				DEBUG_INFORMATION_FORMAT = dwarf;
				ENABLE_STRICT_OBJC_MSGSEND = YES;
				ENABLE_TESTABILITY = YES;
				GCC_C_LANGUAGE_STANDARD = gnu99;
				GCC_DYNAMIC_NO_PIC = NO;
				GCC_NO_COMMON_BLOCKS = YES;
				GCC_OPTIMIZATION_LEVEL = 0;
				GCC_PREPROCESSOR_DEFINITIONS = (
					"DEBUG=1",
					"$(inherited)",
				);
				GCC_WARN_64_TO_32_BIT_CONVERSION = YES;
				GCC_WARN_ABOUT_RETURN_TYPE = YES_ERROR;
				GCC_WARN_UNDECLARED_SELECTOR = YES;
				GCC_WARN_UNINITIALIZED_AUTOS = YES_AGGRESSIVE;
				GCC_WARN_UNUSED_FUNCTION = YES;
				GCC_WARN_UNUSED_VARIABLE = YES;
				IPHONEOS_DEPLOYMENT_TARGET = 9.2;
				MTL_ENABLE_DEBUG_INFO = YES;
				ONLY_ACTIVE_ARCH = YES;
				SDKROOT = iphoneos;
			};
			name = Debug;
		};
		6F5959751CA57D9900E93C54 /* Release */ = {
			isa = XCBuildConfiguration;
			buildSettings = {
				ALWAYS_SEARCH_USER_PATHS = NO;
				CLANG_CXX_LANGUAGE_STANDARD = "gnu++0x";
				CLANG_CXX_LIBRARY = "libc++";
				CLANG_ENABLE_MODULES = YES;
				CLANG_ENABLE_OBJC_ARC = YES;
				CLANG_WARN_BOOL_CONVERSION = YES;
				CLANG_WARN_CONSTANT_CONVERSION = YES;
				CLANG_WARN_DIRECT_OBJC_ISA_USAGE = YES_ERROR;
				CLANG_WARN_EMPTY_BODY = YES;
				CLANG_WARN_ENUM_CONVERSION = YES;
				CLANG_WARN_INT_CONVERSION = YES;
				CLANG_WARN_OBJC_ROOT_CLASS = YES_ERROR;
				CLANG_WARN_UNREACHABLE_CODE = YES;
				CLANG_WARN__DUPLICATE_METHOD_MATCH = YES;
				"CODE_SIGN_IDENTITY[sdk=iphoneos*]" = "iPhone Developer";
				COPY_PHASE_STRIP = NO;
				DEBUG_INFORMATION_FORMAT = "dwarf-with-dsym";
				ENABLE_NS_ASSERTIONS = NO;
				ENABLE_STRICT_OBJC_MSGSEND = YES;
				GCC_C_LANGUAGE_STANDARD = gnu99;
				GCC_NO_COMMON_BLOCKS = YES;
				GCC_WARN_64_TO_32_BIT_CONVERSION = YES;
				GCC_WARN_ABOUT_RETURN_TYPE = YES_ERROR;
				GCC_WARN_UNDECLARED_SELECTOR = YES;
				GCC_WARN_UNINITIALIZED_AUTOS = YES_AGGRESSIVE;
				GCC_WARN_UNUSED_FUNCTION = YES;
				GCC_WARN_UNUSED_VARIABLE = YES;
				IPHONEOS_DEPLOYMENT_TARGET = 9.2;
				MTL_ENABLE_DEBUG_INFO = NO;
				SDKROOT = iphoneos;
				VALIDATE_PRODUCT = YES;
			};
			name = Release;
		};
		6F5959771CA57D9900E93C54 /* Debug */ = {
			isa = XCBuildConfiguration;
			baseConfigurationReference = 0C4DC5FE235BF76C3821A98A /* Pods.debug.xcconfig */;
			buildSettings = {
				ASSETCATALOG_COMPILER_APPICON_NAME = AppIcon;
				ASSETCATALOG_COMPILER_LAUNCHIMAGE_NAME = LaunchImage;
				GCC_PREFIX_HEADER = "Add/Add-PrefixHeader.pch";
				INFOPLIST_FILE = Add/Info.plist;
				LD_RUNPATH_SEARCH_PATHS = "$(inherited) @executable_path/Frameworks";
				PRODUCT_BUNDLE_IDENTIFIER = com.hxy.Add;
				PRODUCT_NAME = "$(TARGET_NAME)";
			};
			name = Debug;
		};
		6F5959781CA57D9900E93C54 /* Release */ = {
			isa = XCBuildConfiguration;
			baseConfigurationReference = C71AD1CAAA80F3FBA3C070CC /* Pods.release.xcconfig */;
			buildSettings = {
				ASSETCATALOG_COMPILER_APPICON_NAME = AppIcon;
				ASSETCATALOG_COMPILER_LAUNCHIMAGE_NAME = LaunchImage;
				GCC_PREFIX_HEADER = "Add/Add-PrefixHeader.pch";
				INFOPLIST_FILE = Add/Info.plist;
				LD_RUNPATH_SEARCH_PATHS = "$(inherited) @executable_path/Frameworks";
				PRODUCT_BUNDLE_IDENTIFIER = com.hxy.Add;
				PRODUCT_NAME = "$(TARGET_NAME)";
			};
			name = Release;
		};
		6F59597A1CA57D9900E93C54 /* Debug */ = {
			isa = XCBuildConfiguration;
			buildSettings = {
				BUNDLE_LOADER = "$(TEST_HOST)";
				INFOPLIST_FILE = AddTests/Info.plist;
				LD_RUNPATH_SEARCH_PATHS = "$(inherited) @executable_path/Frameworks @loader_path/Frameworks";
				PRODUCT_BUNDLE_IDENTIFIER = com.hxy.AddTests;
				PRODUCT_NAME = "$(TARGET_NAME)";
				TEST_HOST = "$(BUILT_PRODUCTS_DIR)/Add.app/Add";
			};
			name = Debug;
		};
		6F59597B1CA57D9900E93C54 /* Release */ = {
			isa = XCBuildConfiguration;
			buildSettings = {
				BUNDLE_LOADER = "$(TEST_HOST)";
				INFOPLIST_FILE = AddTests/Info.plist;
				LD_RUNPATH_SEARCH_PATHS = "$(inherited) @executable_path/Frameworks @loader_path/Frameworks";
				PRODUCT_BUNDLE_IDENTIFIER = com.hxy.AddTests;
				PRODUCT_NAME = "$(TARGET_NAME)";
				TEST_HOST = "$(BUILT_PRODUCTS_DIR)/Add.app/Add";
			};
			name = Release;
		};
		6F59597D1CA57D9900E93C54 /* Debug */ = {
			isa = XCBuildConfiguration;
			buildSettings = {
				INFOPLIST_FILE = AddUITests/Info.plist;
				LD_RUNPATH_SEARCH_PATHS = "$(inherited) @executable_path/Frameworks @loader_path/Frameworks";
				PRODUCT_BUNDLE_IDENTIFIER = com.hxy.AddUITests;
				PRODUCT_NAME = "$(TARGET_NAME)";
				TEST_TARGET_NAME = Add;
				USES_XCTRUNNER = YES;
			};
			name = Debug;
		};
		6F59597E1CA57D9900E93C54 /* Release */ = {
			isa = XCBuildConfiguration;
			buildSettings = {
				INFOPLIST_FILE = AddUITests/Info.plist;
				LD_RUNPATH_SEARCH_PATHS = "$(inherited) @executable_path/Frameworks @loader_path/Frameworks";
				PRODUCT_BUNDLE_IDENTIFIER = com.hxy.AddUITests;
				PRODUCT_NAME = "$(TARGET_NAME)";
				TEST_TARGET_NAME = Add;
				USES_XCTRUNNER = YES;
			};
			name = Release;
		};
/* End XCBuildConfiguration section */

/* Begin XCConfigurationList section */
		6F5959441CA57D9900E93C54 /* Build configuration list for PBXProject "Add" */ = {
			isa = XCConfigurationList;
			buildConfigurations = (
				6F5959741CA57D9900E93C54 /* Debug */,
				6F5959751CA57D9900E93C54 /* Release */,
			);
			defaultConfigurationIsVisible = 0;
			defaultConfigurationName = Release;
		};
		6F5959761CA57D9900E93C54 /* Build configuration list for PBXNativeTarget "Add" */ = {
			isa = XCConfigurationList;
			buildConfigurations = (
				6F5959771CA57D9900E93C54 /* Debug */,
				6F5959781CA57D9900E93C54 /* Release */,
			);
			defaultConfigurationIsVisible = 0;
			defaultConfigurationName = Release;
		};
		6F5959791CA57D9900E93C54 /* Build configuration list for PBXNativeTarget "AddTests" */ = {
			isa = XCConfigurationList;
			buildConfigurations = (
				6F59597A1CA57D9900E93C54 /* Debug */,
				6F59597B1CA57D9900E93C54 /* Release */,
			);
			defaultConfigurationIsVisible = 0;
			defaultConfigurationName = Release;
		};
		6F59597C1CA57D9900E93C54 /* Build configuration list for PBXNativeTarget "AddUITests" */ = {
			isa = XCConfigurationList;
			buildConfigurations = (
				6F59597D1CA57D9900E93C54 /* Debug */,
				6F59597E1CA57D9900E93C54 /* Release */,
			);
			defaultConfigurationIsVisible = 0;
			defaultConfigurationName = Release;
		};
/* End XCConfigurationList section */
	};
	rootObject = 6F5959411CA57D9900E93C54 /* Project object */;
}
